
Microsoft Visual Studio Solution File, Format Version 12.00
# Visual Studio 15
VisualStudioVersion = 15.0.27703.2000
MinimumVisualStudioVersion = 10.0.40219.1
Project("{FAE04EC0-301F-11D3-BF4B-00C04F79EFBC}") = "Algo", "Algo\Algo.csproj", "{7BEFDC0A-0FD7-47CA-9392-6C7B5AFB943B}"
EndProject
Global
	GlobalSection(SolutionConfigurationPlatforms) = preSolution
		Debug|Any CPU = Debug|Any CPU
		Release|Any CPU = Release|Any CPU
	EndGlobalSection
	GlobalSection(ProjectConfigurationPlatforms) = postSolution
		{7BEFDC0A-0FD7-47CA-9392-6C7B5AFB943B}.Debug|Any CPU.ActiveCfg = Debug|Any CPU
		{7BEFDC0A-0FD7-47CA-9392-6C7B5AFB943B}.Debug|Any CPU.Build.0 = Debug|Any CPU
		{7BEFDC0A-0FD7-47CA-9392-6C7B5AFB943B}.Release|Any CPU.ActiveCfg = Release|Any CPU
		{7BEFDC0A-0FD7-47CA-9392-6C7B5AFB943B}.Release|Any CPU.Build.0 = Release|Any CPU
	EndGlobalSection
	GlobalSection(SolutionProperties) = preSolution
		HideSolutionNode = FALSE
	EndGlobalSection
	GlobalSection(ExtensibilityGlobals) = postSolution
		SolutionGuid = {F0F6F041-6E9E-4864-8B1B-763AEB620E2B}
	EndGlobalSection
EndGlobal
